
Microsoft Visual Studio Solution File, Format Version 12.00
# Visual Studio 15
VisualStudioVersion = 15.0.28307.572
MinimumVisualStudioVersion = 10.0.40219.1
Project("{F5034706-568F-408A-B7B3-4D38C6DB8A32}") = "backup-directory", "backup-directory\backup-directory.pssproj", "{6CAFC0C6-A428-4D30-A9F9-700E829FEA51}"
EndProject
Project("{F5034706-568F-408A-B7B3-4D38C6DB8A32}") = "pfxcert-export", "pfxcert-export\pfxcert-export.pssproj", "{4760E61E-1C61-4FDD-9208-BCE13AB5C8C1}"
EndProject
Project("{F5034706-568F-408A-B7B3-4D38C6DB8A32}") = "sql-backup", "sql-backup\sql-backup.pssproj", "{5A6CAD8F-3DFC-47E3-8289-72064ACB748E}"
EndProject
Project("{F5034706-568F-408A-B7B3-4D38C6DB8A32}") = "iis-config-backup", "iis-config-backup\iis-config-backup.pssproj", "{D559970B-5552-4FEA-BF56-F9DB59DCABB8}"
EndProject
Global
	GlobalSection(SolutionConfigurationPlatforms) = preSolution
		Debug|Any CPU = Debug|Any CPU
		Release|Any CPU = Release|Any CPU
	EndGlobalSection
	GlobalSection(ProjectConfigurationPlatforms) = postSolution
		{6CAFC0C6-A428-4D30-A9F9-700E829FEA51}.Debug|Any CPU.ActiveCfg = Debug|Any CPU
		{6CAFC0C6-A428-4D30-A9F9-700E829FEA51}.Debug|Any CPU.Build.0 = Debug|Any CPU
		{6CAFC0C6-A428-4D30-A9F9-700E829FEA51}.Release|Any CPU.ActiveCfg = Release|Any CPU
		{6CAFC0C6-A428-4D30-A9F9-700E829FEA51}.Release|Any CPU.Build.0 = Release|Any CPU
		{4760E61E-1C61-4FDD-9208-BCE13AB5C8C1}.Debug|Any CPU.ActiveCfg = Debug|Any CPU
		{4760E61E-1C61-4FDD-9208-BCE13AB5C8C1}.Debug|Any CPU.Build.0 = Debug|Any CPU
		{4760E61E-1C61-4FDD-9208-BCE13AB5C8C1}.Release|Any CPU.ActiveCfg = Release|Any CPU
		{4760E61E-1C61-4FDD-9208-BCE13AB5C8C1}.Release|Any CPU.Build.0 = Release|Any CPU
		{5A6CAD8F-3DFC-47E3-8289-72064ACB748E}.Debug|Any CPU.ActiveCfg = Debug|Any CPU
		{5A6CAD8F-3DFC-47E3-8289-72064ACB748E}.Debug|Any CPU.Build.0 = Debug|Any CPU
		{5A6CAD8F-3DFC-47E3-8289-72064ACB748E}.Release|Any CPU.ActiveCfg = Release|Any CPU
		{5A6CAD8F-3DFC-47E3-8289-72064ACB748E}.Release|Any CPU.Build.0 = Release|Any CPU
		{D559970B-5552-4FEA-BF56-F9DB59DCABB8}.Debug|Any CPU.ActiveCfg = Debug|Any CPU
		{D559970B-5552-4FEA-BF56-F9DB59DCABB8}.Debug|Any CPU.Build.0 = Debug|Any CPU
		{D559970B-5552-4FEA-BF56-F9DB59DCABB8}.Release|Any CPU.ActiveCfg = Release|Any CPU
		{D559970B-5552-4FEA-BF56-F9DB59DCABB8}.Release|Any CPU.Build.0 = Release|Any CPU
	EndGlobalSection
	GlobalSection(SolutionProperties) = preSolution
		HideSolutionNode = FALSE
	EndGlobalSection
	GlobalSection(ExtensibilityGlobals) = postSolution
		SolutionGuid = {A0F0CC22-16FF-4757-A5ED-BD8CE0359065}
	EndGlobalSection
EndGlobal
